
Microsoft Visual Studio Solution File, Format Version 12.00
# Visual Studio Version 17
VisualStudioVersion = 17.11.35208.52
MinimumVisualStudioVersion = 10.0.40219.1
Project("{FAE04EC0-301F-11D3-BF4B-00C04F79EFBC}") = "Exam", "Exam.csproj", "{4B01FA63-3491-432F-B15D-E9EDF780FAA1}"
EndProject
Global
	GlobalSection(SolutionConfigurationPlatforms) = preSolution
		Debug|Any CPU = Debug|Any CPU
		Release|Any CPU = Release|Any CPU
	EndGlobalSection
	GlobalSection(ProjectConfigurationPlatforms) = postSolution
		{4B01FA63-3491-432F-B15D-E9EDF780FAA1}.Debug|Any CPU.ActiveCfg = Debug|Any CPU
		{4B01FA63-3491-432F-B15D-E9EDF780FAA1}.Debug|Any CPU.Build.0 = Debug|Any CPU
		{4B01FA63-3491-432F-B15D-E9EDF780FAA1}.Release|Any CPU.ActiveCfg = Release|Any CPU
		{4B01FA63-3491-432F-B15D-E9EDF780FAA1}.Release|Any CPU.Build.0 = Release|Any CPU
	EndGlobalSection
	GlobalSection(SolutionProperties) = preSolution
		HideSolutionNode = FALSE
	EndGlobalSection
	GlobalSection(ExtensibilityGlobals) = postSolution
		SolutionGuid = {DC1AC49F-41C4-4011-8F5E-924A41557271}
	EndGlobalSection
EndGlobal
